<?xml version="1.0" encoding="utf-8"?>
<Project ToolsVersion="4.0" xmlns="http://schemas.microsoft.com/developer/msbuild/2003">
  <ItemGroup>
    <Filter Include="Source Files">
      <UniqueIdentifier>{4FC737F1-C7A5-4376-A066-2A32D752A2FF}</UniqueIdentifier>
      <Extensions>cpp;c;cc;cxx;c++;cppm;ixx;def;odl;idl;hpj;bat;asm;asmx</Extensions>
    </Filter>
    <Filter Include="Header Files">
      <UniqueIdentifier>{93995380-89BD-4b04-88EB-625FBE52EBFB}</UniqueIdentifier>
      <Extensions>h;hh;hpp;hxx;h++;hm;inl;inc;ipp;xsd</Extensions>
    </Filter>
    <Filter Include="Resource Files">
      <UniqueIdentifier>{67DA6AB6-F800-4c08-8B7A-83BB121AAD01}</UniqueIdentifier>
      <Extensions>rc;ico;cur;bmp;dlg;rc2;rct;bin;rgs;gif;jpg;jpeg;jpe;resx;tiff;tif;png;wav;mfcribbon-ms</Extensions>
    </Filter>
    <Filter Include="Commands">
      <UniqueIdentifier>{160dd3af-1825-4b46-ba88-487b0ac68321}</UniqueIdentifier>
    </Filter>
    <Filter Include="Utilis">
      <UniqueIdentifier>{c541643a-c55f-4cb7-8cae-8c9665284463}</UniqueIdentifier>
    </Filter>
    <Filter Include="User Headers">
      <UniqueIdentifier>{94fa00d9-3402-46fe-829e-8638b8e49569}</UniqueIdentifier>
    </Filter>
    <Filter Include="User Source">
      <UniqueIdentifier>{c615d928-6051-4a0f-b25b-be8ef37012eb}</UniqueIdentifier>
    </Filter>
    <Filter Include="NewFilter1">
      <UniqueIdentifier>{5b768680-0105-4ed8-b9bc-5bb84b3744f7}</UniqueIdentifier>
    </Filter>
    <Filter Include="Commands\Admin Commands">
      <UniqueIdentifier>{21938be6-e634-4b03-bf5a-58bc41bee2b7}</UniqueIdentifier>
    </Filter>
    <Filter Include="Commands\ClientCommands">
      <UniqueIdentifier>{00b2d12a-d41c-4a74-a42d-eef4c330d3dd}</UniqueIdentifier>
    </Filter>
    <Filter Include="Commands\Business Commands">
      <UniqueIdentifier>{934741a8-77bc-4b04-ad7f-9da7dcdbbc5b}</UniqueIdentifier>
    </Filter>
  </ItemGroup>
  <ItemGroup>
    <ClCompile Include="Item.cpp">
      <Filter>Source Files</Filter>
    </ClCompile>
    <ClCompile Include="Order.cpp">
      <Filter>Source Files</Filter>
    </ClCompile>
    <ClCompile Include="ItemsFilter.cpp">
      <Filter>Source Files</Filter>
    </ClCompile>
    <ClCompile Include="RefundRequest.cpp">
      <Filter>Source Files</Filter>
    </ClCompile>
    <ClCompile Include="Cart.cpp">
      <Filter>Source Files</Filter>
    </ClCompile>
    <ClCompile Include="Client.cpp">
      <Filter>User Source</Filter>
    </ClCompile>
    <ClCompile Include="Business.cpp">
      <Filter>User Source</Filter>
    </ClCompile>
    <ClCompile Include="Administrator.cpp">
      <Filter>User Source</Filter>
    </ClCompile>
    <ClCompile Include="User.cpp">
      <Filter>User Source</Filter>
    </ClCompile>
    <ClCompile Include="Check.cpp">
      <Filter>Source Files</Filter>
    </ClCompile>
    <ClCompile Include="RegisterCommand.cpp">
      <Filter>Commands</Filter>
    </ClCompile>
    <ClCompile Include="CommandFactory.cpp">
      <Filter>Commands</Filter>
    </ClCompile>
    <ClCompile Include="LoginCommand.cpp">
      <Filter>Commands</Filter>
    </ClCompile>
    <ClCompile Include="Command.cpp">
      <Filter>Commands</Filter>
    </ClCompile>
    <ClCompile Include="HelpCommand.cpp">
      <Filter>Commands</Filter>
    </ClCompile>
    <ClCompile Include="Transactions.cpp">
      <Filter>Source Files</Filter>
    </ClCompile>
    <ClCompile Include="ViewProfile.cpp">
      <Filter>Commands</Filter>
    </ClCompile>
    <ClCompile Include="MyString.cpp">
      <Filter>Utilis</Filter>
    </ClCompile>
    <ClCompile Include="System.cpp">
      <Filter>NewFilter1</Filter>
    </ClCompile>
    <ClCompile Include="OOP_MODA.cpp">
      <Filter>NewFilter1</Filter>
    </ClCompile>
    <ClCompile Include="SendCheck.cpp">
      <Filter>Commands\Admin Commands</Filter>
    </ClCompile>
    <ClCompile Include="CustomerInsignts.cpp">
      <Filter>Commands\Admin Commands</Filter>
    </ClCompile>
    <ClCompile Include="AddToCart.cpp">
      <Filter>Commands\ClientCommands</Filter>
    </ClCompile>
    <ClCompile Include="ApplyDiscount.cpp">
      <Filter>Commands\ClientCommands</Filter>
    </ClCompile>
    <ClCompile Include="CheckBalance.cpp">
      <Filter>Commands\ClientCommands</Filter>
    </ClCompile>
    <ClCompile Include="Checkout.cpp">
      <Filter>Commands\ClientCommands</Filter>
    </ClCompile>
    <ClCompile Include="ConfirmOrder.cpp">
      <Filter>Commands\ClientCommands</Filter>
    </ClCompile>
    <ClCompile Include="Redeem.cpp">
      <Filter>Commands\ClientCommands</Filter>
    </ClCompile>
    <ClCompile Include="RemoveFromCart.cpp">
      <Filter>Commands\ClientCommands</Filter>
    </ClCompile>
    <ClCompile Include="RemoveDiscount.cpp">
      <Filter>Commands\ClientCommands</Filter>
    </ClCompile>
    <ClCompile Include="RequestRefund.cpp">
      <Filter>Commands\ClientCommands</Filter>
    </ClCompile>
    <ClCompile Include="ViewProduct.cpp">
      <Filter>Commands\ClientCommands</Filter>
    </ClCompile>
    <ClCompile Include="ViewCart.cpp">
      <Filter>Commands\ClientCommands</Filter>
    </ClCompile>
    <ClCompile Include="AddItem.cpp">
      <Filter>Commands\Business Commands</Filter>
    </ClCompile>
    <ClCompile Include="ListOrders.cpp">
      <Filter>Commands\Business Commands</Filter>
    </ClCompile>
    <ClCompile Include="ListPendingOrders.cpp">
      <Filter>Commands\Business Commands</Filter>
    </ClCompile>
    <ClCompile Include="RefundedOrders.cpp">
      <Filter>Commands\Business Commands</Filter>
    </ClCompile>
    <ClCompile Include="RemoveItem.cpp">
      <Filter>Commands\Business Commands</Filter>
    </ClCompile>
    <ClCompile Include="ViewRevenue.cpp">
      <Filter>Commands\Business Commands</Filter>
    </ClCompile>
    <ClCompile Include="ListProducts.cpp">
      <Filter>Commands\ClientCommands</Filter>
    </ClCompile>
    <ClCompile Include="ItemsManager.cpp">
      <Filter>Source Files</Filter>
    </ClCompile>
    <ClCompile Include="OrderManager.cpp">
      <Filter>Source Files</Filter>
    </ClCompile>
    <ClCompile Include="ApproveRefund.cpp">
      <Filter>Commands\Business Commands</Filter>
    </ClCompile>
    <ClCompile Include="InvalidCommand.cpp">
      <Filter>Commands</Filter>
    </ClCompile>
    <ClCompile Include="ListBestSellingProducts.cpp">
      <Filter>Commands\Business Commands</Filter>
    </ClCompile>
    <ClCompile Include="LogoutCommand.cpp">
      <Filter>Commands</Filter>
    </ClCompile>
    <ClCompile Include="Validations.cpp">
      <Filter>Utilis</Filter>
    </ClCompile>
    <ClCompile Include="RejectRefund.cpp">
      <Filter>Commands\Business Commands</Filter>
    </ClCompile>
    <ClCompile Include="SaveCommand.cpp">
      <Filter>Source Files</Filter>
    </ClCompile>
    <ClCompile Include="RejectOrder.cpp">
      <Filter>Commands\Business Commands</Filter>
    </ClCompile>
    <ClCompile Include="ListRefunds.cpp">
      <Filter>Commands\Business Commands</Filter>
    </ClCompile>
    <ClCompile Include="ApproveOrder.cpp">
      <Filter>Commands\Business Commands</Filter>
    </ClCompile>
    <ClCompile Include="ListOrdersClient.cpp">
      <Filter>Source Files</Filter>
    </ClCompile>
  </ItemGroup>
  <ItemGroup>
    <ClInclude Include="Item.h">
      <Filter>Header Files</Filter>
    </ClInclude>
    <ClInclude Include="Order.h">
      <Filter>Header Files</Filter>
    </ClInclude>
    <ClInclude Include="ItemsFilter.h">
      <Filter>Header Files</Filter>
    </ClInclude>
    <ClInclude Include="RefundRequest.h">
      <Filter>Header Files</Filter>
    </ClInclude>
    <ClInclude Include="Cart.h">
      <Filter>Header Files</Filter>
    </ClInclude>
    <ClInclude Include="Command.h">
      <Filter>Commands</Filter>
    </ClInclude>
    <ClInclude Include="RegisterCommand.h">
      <Filter>Commands</Filter>
    </ClInclude>
    <ClInclude Include="MyVector.hpp">
      <Filter>Utilis</Filter>
    </ClInclude>
    <ClInclude Include="MyPair.hpp">
      <Filter>Utilis</Filter>
    </ClInclude>
    <ClInclude Include="MyString.h">
      <Filter>Utilis</Filter>
    </ClInclude>
    <ClInclude Include="Client.h">
      <Filter>User Headers</Filter>
    </ClInclude>
    <ClInclude Include="Business.h">
      <Filter>User Headers</Filter>
    </ClInclude>
    <ClInclude Include="Administrator.h">
      <Filter>User Headers</Filter>
    </ClInclude>
    <ClInclude Include="User.h">
      <Filter>User Headers</Filter>
    </ClInclude>
    <ClInclude Include="Check.h">
      <Filter>Header Files</Filter>
    </ClInclude>
    <ClInclude Include="CommandFactory.h">
      <Filter>Commands</Filter>
    </ClInclude>
    <ClInclude Include="System.h">
      <Filter>NewFilter1</Filter>
    </ClInclude>
    <ClInclude Include="LoginCommand.h">
      <Filter>Commands</Filter>
    </ClInclude>
    <ClInclude Include="HelpCommand.h">
      <Filter>Commands</Filter>
    </ClInclude>
    <ClInclude Include="Transactions.h">
      <Filter>Header Files</Filter>
    </ClInclude>
    <ClInclude Include="ViewProfile.h">
      <Filter>Commands</Filter>
    </ClInclude>
    <ClInclude Include="Role.h">
      <Filter>User Headers</Filter>
    </ClInclude>
    <ClInclude Include="SendCheck.h">
      <Filter>Commands\Admin Commands</Filter>
    </ClInclude>
    <ClInclude Include="CustomerInsignts.h">
      <Filter>Commands\Admin Commands</Filter>
    </ClInclude>
    <ClInclude Include="AddToCart.h">
      <Filter>Commands\ClientCommands</Filter>
    </ClInclude>
    <ClInclude Include="ApplyDiscount.h">
      <Filter>Commands\ClientCommands</Filter>
    </ClInclude>
    <ClInclude Include="CheckBalance.h">
      <Filter>Commands\ClientCommands</Filter>
    </ClInclude>
    <ClInclude Include="Checkout.h">
      <Filter>Commands\ClientCommands</Filter>
    </ClInclude>
    <ClInclude Include="ConfirmOrder.h">
      <Filter>Commands\ClientCommands</Filter>
    </ClInclude>
    <ClInclude Include="Redeem.h">
      <Filter>Commands\ClientCommands</Filter>
    </ClInclude>
    <ClInclude Include="RemoveDiscount.h">
      <Filter>Commands\ClientCommands</Filter>
    </ClInclude>
    <ClInclude Include="RemoveFromCart.h">
      <Filter>Commands\ClientCommands</Filter>
    </ClInclude>
    <ClInclude Include="RequestRefund.h">
      <Filter>Commands\ClientCommands</Filter>
    </ClInclude>
    <ClInclude Include="ViewCart.h">
      <Filter>Commands\ClientCommands</Filter>
    </ClInclude>
    <ClInclude Include="ViewProduct.h">
      <Filter>Commands\ClientCommands</Filter>
    </ClInclude>
    <ClInclude Include="AddItem.h">
      <Filter>Commands\Business Commands</Filter>
    </ClInclude>
    <ClInclude Include="ListOrders.h">
      <Filter>Commands\Business Commands</Filter>
    </ClInclude>
    <ClInclude Include="ListPendingOrders.h">
      <Filter>Commands\Business Commands</Filter>
    </ClInclude>
    <ClInclude Include="RefundedOrders.h">
      <Filter>Commands\Business Commands</Filter>
    </ClInclude>
    <ClInclude Include="RemoveItem.h">
      <Filter>Commands\Business Commands</Filter>
    </ClInclude>
    <ClInclude Include="ViewRevenue.h">
      <Filter>Commands\Business Commands</Filter>
    </ClInclude>
    <ClInclude Include="ListProducts.h">
      <Filter>Commands\ClientCommands</Filter>
    </ClInclude>
    <ClInclude Include="ItemsManager.h">
      <Filter>Header Files</Filter>
    </ClInclude>
    <ClInclude Include="OrderManager.h">
      <Filter>Header Files</Filter>
    </ClInclude>
    <ClInclude Include="HeterogeneousContainer.hpp">
      <Filter>Utilis</Filter>
    </ClInclude>
    <ClInclude Include="ListBestSellingProducts.h">
      <Filter>Commands\Business Commands</Filter>
    </ClInclude>
    <ClInclude Include="ApproveRefund.h">
      <Filter>Commands\Business Commands</Filter>
    </ClInclude>
    <ClInclude Include="RejectRefund.h">
      <Filter>Commands\Business Commands</Filter>
    </ClInclude>
    <ClInclude Include="InvalidCommand.h">
      <Filter>Commands</Filter>
    </ClInclude>
    <ClInclude Include="LogoutCommand.h">
      <Filter>Commands</Filter>
    </ClInclude>
    <ClInclude Include="Validations.h">
      <Filter>Utilis</Filter>
    </ClInclude>
    <ClInclude Include="SaveCommand.h">
      <Filter>Header Files</Filter>
    </ClInclude>
    <ClInclude Include="RejectOrder.h">
      <Filter>Commands\Business Commands</Filter>
    </ClInclude>
    <ClInclude Include="ListRefunds.h">
      <Filter>Commands\Business Commands</Filter>
    </ClInclude>
    <ClInclude Include="ApproveOrder.h">
      <Filter>Commands\Business Commands</Filter>
    </ClInclude>
    <ClInclude Include="ListOrdersClient.h">
      <Filter>Header Files</Filter>
    </ClInclude>
  </ItemGroup>
</Project>