<?xml version="1.0" encoding="utf-8"?>
<Project ToolsVersion="4.0" xmlns="http://schemas.microsoft.com/developer/msbuild/2003">
  <ItemGroup>
    <Filter Include="Commands">
      <UniqueIdentifier>{160dd3af-1825-4b46-ba88-487b0ac68321}</UniqueIdentifier>
    </Filter>
    <Filter Include="Utilis">
      <UniqueIdentifier>{c541643a-c55f-4cb7-8cae-8c9665284463}</UniqueIdentifier>
    </Filter>
    <Filter Include="Commands\Admin Commands">
      <UniqueIdentifier>{21938be6-e634-4b03-bf5a-58bc41bee2b7}</UniqueIdentifier>
    </Filter>
    <Filter Include="Commands\ClientCommands">
      <UniqueIdentifier>{00b2d12a-d41c-4a74-a42d-eef4c330d3dd}</UniqueIdentifier>
    </Filter>
    <Filter Include="Commands\Business Commands">
      <UniqueIdentifier>{934741a8-77bc-4b04-ad7f-9da7dcdbbc5b}</UniqueIdentifier>
    </Filter>
    <Filter Include="Commands\SystemCommands">
      <UniqueIdentifier>{cbbe4550-a044-4985-9d81-17e22d746023}</UniqueIdentifier>
    </Filter>
    <Filter Include="Commands\UserCommands">
      <UniqueIdentifier>{259c2c89-bf8d-419e-a464-6de0c38dc7d4}</UniqueIdentifier>
    </Filter>
    <Filter Include="Models">
      <UniqueIdentifier>{a7cc4ed7-03fe-45eb-a7d2-293d1df83dbf}</UniqueIdentifier>
    </Filter>
    <Filter Include="System">
      <UniqueIdentifier>{8f82abd8-2670-4edd-9f32-6b93e4399aaf}</UniqueIdentifier>
    </Filter>
    <Filter Include="Users">
      <UniqueIdentifier>{cde0fb52-b62c-41d9-a3b7-aa0c3d07653c}</UniqueIdentifier>
    </Filter>
    <Filter Include="Services">
      <UniqueIdentifier>{bc0e5263-03e8-4141-9d54-6c95a1748586}</UniqueIdentifier>
    </Filter>
    <Filter Include="Main">
      <UniqueIdentifier>{f91b6a8e-b1e2-4dae-9c0a-c4a6b7c7b8f1}</UniqueIdentifier>
    </Filter>
  </ItemGroup>
  <ItemGroup>
    <ClCompile Include="commands\BusinessCommands\AddItem.cpp">
      <Filter>Commands\Business Commands</Filter>
    </ClCompile>
    <ClCompile Include="commands\BusinessCommands\ApproveOrder.cpp">
      <Filter>Commands\Business Commands</Filter>
    </ClCompile>
    <ClCompile Include="commands\BusinessCommands\ApproveRefund.cpp">
      <Filter>Commands\Business Commands</Filter>
    </ClCompile>
    <ClCompile Include="commands\BusinessCommands\ListBestSellingProducts.cpp">
      <Filter>Commands\Business Commands</Filter>
    </ClCompile>
    <ClCompile Include="commands\BusinessCommands\ListOrders.cpp">
      <Filter>Commands\Business Commands</Filter>
    </ClCompile>
    <ClCompile Include="commands\BusinessCommands\ListPendingOrders.cpp">
      <Filter>Commands\Business Commands</Filter>
    </ClCompile>
    <ClCompile Include="commands\BusinessCommands\ListRefunds.cpp">
      <Filter>Commands\Business Commands</Filter>
    </ClCompile>
    <ClCompile Include="commands\BusinessCommands\RejectOrder.cpp">
      <Filter>Commands\Business Commands</Filter>
    </ClCompile>
    <ClCompile Include="commands\BusinessCommands\RejectRefund.cpp">
      <Filter>Commands\Business Commands</Filter>
    </ClCompile>
    <ClCompile Include="commands\BusinessCommands\RemoveItem.cpp">
      <Filter>Commands\Business Commands</Filter>
    </ClCompile>
    <ClCompile Include="commands\BusinessCommands\ViewRevenue.cpp">
      <Filter>Commands\Business Commands</Filter>
    </ClCompile>
    <ClCompile Include="commands\ClientCommands\AddToCart.cpp">
      <Filter>Commands\ClientCommands</Filter>
    </ClCompile>
    <ClCompile Include="commands\ClientCommands\ApplyDiscount.cpp">
      <Filter>Commands\ClientCommands</Filter>
    </ClCompile>
    <ClCompile Include="commands\ClientCommands\CheckBalance.cpp">
      <Filter>Commands\ClientCommands</Filter>
    </ClCompile>
    <ClCompile Include="commands\ClientCommands\Checkout.cpp">
      <Filter>Commands\ClientCommands</Filter>
    </ClCompile>
    <ClCompile Include="commands\ClientCommands\ConfirmOrder.cpp">
      <Filter>Commands\ClientCommands</Filter>
    </ClCompile>
    <ClCompile Include="commands\ClientCommands\ListOrdersClient.cpp">
      <Filter>Commands\ClientCommands</Filter>
    </ClCompile>
    <ClCompile Include="commands\ClientCommands\ListProducts.cpp">
      <Filter>Commands\ClientCommands</Filter>
    </ClCompile>
    <ClCompile Include="commands\ClientCommands\OrderHistory.cpp">
      <Filter>Commands\ClientCommands</Filter>
    </ClCompile>
    <ClCompile Include="commands\ClientCommands\RateCommand.cpp">
      <Filter>Commands\ClientCommands</Filter>
    </ClCompile>
    <ClCompile Include="commands\ClientCommands\Redeem.cpp">
      <Filter>Commands\ClientCommands</Filter>
    </ClCompile>
    <ClCompile Include="commands\ClientCommands\RemoveDiscount.cpp">
      <Filter>Commands\ClientCommands</Filter>
    </ClCompile>
    <ClCompile Include="commands\ClientCommands\RemoveFromCart.cpp">
      <Filter>Commands\ClientCommands</Filter>
    </ClCompile>
    <ClCompile Include="commands\ClientCommands\RequestRefund.cpp">
      <Filter>Commands\ClientCommands</Filter>
    </ClCompile>
    <ClCompile Include="commands\ClientCommands\ViewCart.cpp">
      <Filter>Commands\ClientCommands</Filter>
    </ClCompile>
    <ClCompile Include="commands\ClientCommands\ViewProduct.cpp">
      <Filter>Commands\ClientCommands</Filter>
    </ClCompile>
    <ClCompile Include="commands\SystemCommands\HelpCommand.cpp">
      <Filter>Commands\SystemCommands</Filter>
    </ClCompile>
    <ClCompile Include="commands\SystemCommands\InvalidCommand.cpp">
      <Filter>Commands\SystemCommands</Filter>
    </ClCompile>
    <ClCompile Include="commands\SystemCommands\LoadComamnd.cpp">
      <Filter>Commands\SystemCommands</Filter>
    </ClCompile>
    <ClCompile Include="commands\SystemCommands\LoginCommand.cpp">
      <Filter>Commands\SystemCommands</Filter>
    </ClCompile>
    <ClCompile Include="commands\SystemCommands\LogoutCommand.cpp">
      <Filter>Commands\SystemCommands</Filter>
    </ClCompile>
    <ClCompile Include="commands\SystemCommands\RegisterCommand.cpp">
      <Filter>Commands\SystemCommands</Filter>
    </ClCompile>
    <ClCompile Include="commands\SystemCommands\SaveCommand.cpp">
      <Filter>Commands\SystemCommands</Filter>
    </ClCompile>
    <ClCompile Include="commands\UserCommands\Command.cpp">
      <Filter>Commands\UserCommands</Filter>
    </ClCompile>
    <ClCompile Include="commands\UserCommands\CommandFactory.cpp">
      <Filter>Commands\UserCommands</Filter>
    </ClCompile>
    <ClCompile Include="utils\MyString.cpp">
      <Filter>Utilis</Filter>
    </ClCompile>
    <ClCompile Include="utils\Validations.cpp">
      <Filter>Utilis</Filter>
    </ClCompile>
    <ClCompile Include="models\Cart.cpp">
      <Filter>Models</Filter>
    </ClCompile>
    <ClCompile Include="models\Check.cpp">
      <Filter>Models</Filter>
    </ClCompile>
    <ClCompile Include="models\Item.cpp">
      <Filter>Models</Filter>
    </ClCompile>
    <ClCompile Include="models\Order.cpp">
      <Filter>Models</Filter>
    </ClCompile>
    <ClCompile Include="system\System.cpp">
      <Filter>System</Filter>
    </ClCompile>
    <ClCompile Include="users\Administrator.cpp">
      <Filter>Users</Filter>
    </ClCompile>
    <ClCompile Include="users\Business.cpp">
      <Filter>Users</Filter>
    </ClCompile>
    <ClCompile Include="users\Client.cpp">
      <Filter>Users</Filter>
    </ClCompile>
    <ClCompile Include="users\LoggedUser.cpp">
      <Filter>Users</Filter>
    </ClCompile>
    <ClCompile Include="users\User.cpp">
      <Filter>Users</Filter>
    </ClCompile>
    <ClCompile Include="main\OOP_MODA.cpp">
      <Filter>Main</Filter>
    </ClCompile>
    <ClCompile Include="services\ItemsFilter.cpp">
      <Filter>Services</Filter>
    </ClCompile>
    <ClCompile Include="services\ItemsManager.cpp">
      <Filter>Services</Filter>
    </ClCompile>
    <ClCompile Include="services\OrderManager.cpp">
      <Filter>Services</Filter>
    </ClCompile>
    <ClCompile Include="models\RefundRequest.cpp">
      <Filter>Models</Filter>
    </ClCompile>
    <ClCompile Include="commands\BusinessCommands\RefundedOrders.cpp">
      <Filter>Commands\Business Commands</Filter>
    </ClCompile>
    <ClCompile Include="commands\SystemCommands\ViewProfile.cpp">
      <Filter>Commands\SystemCommands</Filter>
    </ClCompile>
    <ClCompile Include="commands\AdministratorCommands\CustomerInsignts.cpp">
      <Filter>Commands\Admin Commands</Filter>
    </ClCompile>
    <ClCompile Include="commands\AdministratorCommands\SendCheck.cpp">
      <Filter>Commands\Admin Commands</Filter>
    </ClCompile>
  </ItemGroup>
  <ItemGroup>
    <ClInclude Include="commands\BusinessCommands\AddItem.h">
      <Filter>Commands\Business Commands</Filter>
    </ClInclude>
    <ClInclude Include="commands\BusinessCommands\ApproveOrder.h">
      <Filter>Commands\Business Commands</Filter>
    </ClInclude>
    <ClInclude Include="commands\BusinessCommands\ApproveRefund.h">
      <Filter>Commands\Business Commands</Filter>
    </ClInclude>
    <ClInclude Include="commands\BusinessCommands\ListBestSellingProducts.h">
      <Filter>Commands\Business Commands</Filter>
    </ClInclude>
    <ClInclude Include="commands\BusinessCommands\ListOrders.h">
      <Filter>Commands\Business Commands</Filter>
    </ClInclude>
    <ClInclude Include="commands\BusinessCommands\ListPendingOrders.h">
      <Filter>Commands\Business Commands</Filter>
    </ClInclude>
    <ClInclude Include="commands\BusinessCommands\ListRefunds.h">
      <Filter>Commands\Business Commands</Filter>
    </ClInclude>
    <ClInclude Include="commands\BusinessCommands\RejectOrder.h">
      <Filter>Commands\Business Commands</Filter>
    </ClInclude>
    <ClInclude Include="commands\BusinessCommands\RejectRefund.h">
      <Filter>Commands\Business Commands</Filter>
    </ClInclude>
    <ClInclude Include="commands\BusinessCommands\RemoveItem.h">
      <Filter>Commands\Business Commands</Filter>
    </ClInclude>
    <ClInclude Include="commands\BusinessCommands\ViewRevenue.h">
      <Filter>Commands\Business Commands</Filter>
    </ClInclude>
    <ClInclude Include="commands\ClientCommands\AddToCart.h">
      <Filter>Commands\ClientCommands</Filter>
    </ClInclude>
    <ClInclude Include="commands\ClientCommands\ApplyDiscount.h">
      <Filter>Commands\ClientCommands</Filter>
    </ClInclude>
    <ClInclude Include="commands\ClientCommands\CheckBalance.h">
      <Filter>Commands\ClientCommands</Filter>
    </ClInclude>
    <ClInclude Include="commands\ClientCommands\Checkout.h">
      <Filter>Commands\ClientCommands</Filter>
    </ClInclude>
    <ClInclude Include="commands\ClientCommands\ConfirmOrder.h">
      <Filter>Commands\ClientCommands</Filter>
    </ClInclude>
    <ClInclude Include="commands\ClientCommands\ListOrdersClient.h">
      <Filter>Commands\ClientCommands</Filter>
    </ClInclude>
    <ClInclude Include="commands\ClientCommands\ListProducts.h">
      <Filter>Commands\ClientCommands</Filter>
    </ClInclude>
    <ClInclude Include="commands\ClientCommands\OrderHistory.h">
      <Filter>Commands\ClientCommands</Filter>
    </ClInclude>
    <ClInclude Include="commands\ClientCommands\RateCommand.h">
      <Filter>Commands\ClientCommands</Filter>
    </ClInclude>
    <ClInclude Include="commands\ClientCommands\Redeem.h">
      <Filter>Commands\ClientCommands</Filter>
    </ClInclude>
    <ClInclude Include="commands\ClientCommands\RemoveDiscount.h">
      <Filter>Commands\ClientCommands</Filter>
    </ClInclude>
    <ClInclude Include="commands\ClientCommands\RemoveFromCart.h">
      <Filter>Commands\ClientCommands</Filter>
    </ClInclude>
    <ClInclude Include="commands\ClientCommands\RequestRefund.h">
      <Filter>Commands\ClientCommands</Filter>
    </ClInclude>
    <ClInclude Include="commands\ClientCommands\ViewCart.h">
      <Filter>Commands\ClientCommands</Filter>
    </ClInclude>
    <ClInclude Include="commands\ClientCommands\ViewProduct.h">
      <Filter>Commands\ClientCommands</Filter>
    </ClInclude>
    <ClInclude Include="commands\SystemCommands\HelpCommand.h">
      <Filter>Commands\SystemCommands</Filter>
    </ClInclude>
    <ClInclude Include="commands\SystemCommands\InvalidCommand.h">
      <Filter>Commands\SystemCommands</Filter>
    </ClInclude>
    <ClInclude Include="commands\SystemCommands\LoadCommand.h">
      <Filter>Commands\SystemCommands</Filter>
    </ClInclude>
    <ClInclude Include="commands\SystemCommands\LoginCommand.h">
      <Filter>Commands\SystemCommands</Filter>
    </ClInclude>
    <ClInclude Include="commands\SystemCommands\LogoutCommand.h">
      <Filter>Commands\SystemCommands</Filter>
    </ClInclude>
    <ClInclude Include="commands\SystemCommands\RegisterCommand.h">
      <Filter>Commands\SystemCommands</Filter>
    </ClInclude>
    <ClInclude Include="commands\SystemCommands\SaveCommand.h">
      <Filter>Commands\SystemCommands</Filter>
    </ClInclude>
    <ClInclude Include="commands\UserCommands\Command.h">
      <Filter>Commands\UserCommands</Filter>
    </ClInclude>
    <ClInclude Include="commands\UserCommands\CommandFactory.h">
      <Filter>Commands\UserCommands</Filter>
    </ClInclude>
    <ClInclude Include="utils\MyPair.hpp">
      <Filter>Utilis</Filter>
    </ClInclude>
    <ClInclude Include="utils\MyString.h">
      <Filter>Utilis</Filter>
    </ClInclude>
    <ClInclude Include="utils\MyVector.hpp">
      <Filter>Utilis</Filter>
    </ClInclude>
    <ClInclude Include="utils\Validations.h">
      <Filter>Utilis</Filter>
    </ClInclude>
    <ClInclude Include="models\Cart.h">
      <Filter>Models</Filter>
    </ClInclude>
    <ClInclude Include="models\Check.h">
      <Filter>Models</Filter>
    </ClInclude>
    <ClInclude Include="models\Item.h">
      <Filter>Models</Filter>
    </ClInclude>
    <ClInclude Include="models\Order.h">
      <Filter>Models</Filter>
    </ClInclude>
    <ClInclude Include="system\System.h">
      <Filter>System</Filter>
    </ClInclude>
    <ClInclude Include="users\Administrator.h">
      <Filter>Users</Filter>
    </ClInclude>
    <ClInclude Include="users\Business.h">
      <Filter>Users</Filter>
    </ClInclude>
    <ClInclude Include="users\Client.h">
      <Filter>Users</Filter>
    </ClInclude>
    <ClInclude Include="users\LoggedUser.h">
      <Filter>Users</Filter>
    </ClInclude>
    <ClInclude Include="users\Role.h">
      <Filter>Users</Filter>
    </ClInclude>
    <ClInclude Include="users\User.h">
      <Filter>Users</Filter>
    </ClInclude>
    <ClInclude Include="services\ItemsFilter.h">
      <Filter>Services</Filter>
    </ClInclude>
    <ClInclude Include="services\ItemsManager.h">
      <Filter>Services</Filter>
    </ClInclude>
    <ClInclude Include="services\OrderManager.h">
      <Filter>Services</Filter>
    </ClInclude>
    <ClInclude Include="models\RefundRequest.h">
      <Filter>Models</Filter>
    </ClInclude>
    <ClInclude Include="commands\BusinessCommands\RefundedOrders.h">
      <Filter>Commands\Business Commands</Filter>
    </ClInclude>
    <ClInclude Include="commands\SystemCommands\ViewProfile.h">
      <Filter>Commands\SystemCommands</Filter>
    </ClInclude>
    <ClInclude Include="commands\AdministratorCommands\CustomerInsignts.h">
      <Filter>Commands\Admin Commands</Filter>
    </ClInclude>
    <ClInclude Include="commands\AdministratorCommands\SendCheck.h">
      <Filter>Commands\Admin Commands</Filter>
    </ClInclude>
  </ItemGroup>
</Project>